{
  "name": "n2words-typescript-test",
  "lockfileVersion": 3,
  "requires": true,
  "packages": {
    "": {
      "license": "MIT",
      "dependencies": {
        "n2words": "*"
      },
      "devDependencies": {
        "typescript": "latest"
      }
    },
    "node_modules/n2words": {
      "version": "1.16.4",
      "resolved": "https://registry.npmjs.org/n2words/-/n2words-1.16.4.tgz",
      "integrity": "sha512-t4wGZkLxQpByjWwuN5cJWTBUHer82g3bGUDaK00YJZicQPUYcI9i6eu3KMDg/awLIkTKeH5IQ866lGy+c02d2g==",
      "engines": {
        "node": "16 || >=18"
      }
    },
    "node_modules/typescript": {
      "version": "5.2.2",
      "resolved": "https://registry.npmjs.org/typescript/-/typescript-5.2.2.tgz",
      "integrity": "sha512-mI4WrpHsbCIcwT9cF4FZvr80QUeKvsUsUvKDoR+X/7XHQH98xYD8YHZg7ANtz2GtZt/CBq2QJ0thkGJMHfqc1w==",
      "dev": true,
      "bin": {
        "tsc": "bin/tsc",
        "tsserver": "bin/tsserver"
      },
      "engines": {
        "node": ">=14.17"
      }
    }
  }
}
