{
  "name": "n2words-typescript-test",
  "lockfileVersion": 3,
  "requires": true,
  "packages": {
    "": {
      "license": "MIT",
      "dependencies": {
        "n2words": "^1.16.2"
      }
    },
    "node_modules/n2words": {
      "version": "1.16.2",
      "resolved": "https://registry.npmjs.org/n2words/-/n2words-1.16.2.tgz",
      "integrity": "sha512-huYsvvSRbXrL1Gu9y2br7ftirbbJJAgJFyhXupXo43xv8hIcAx7cJ7ZAV3yD9A8D2udv0UashnwCozYeu5O5sg==",
      "engines": {
        "node": "16 || >=18"
      }
    }
  }
}
