{
  "name": "n2words-typescript-test",
  "lockfileVersion": 3,
  "requires": true,
  "packages": {
    "": {
      "license": "MIT",
      "dependencies": {
        "n2words": "latest"
      },
      "devDependencies": {
        "typescript": "^5.1.3"
      }
    },
    "node_modules/n2words": {
      "version": "1.16.4",
      "resolved": "https://registry.npmjs.org/n2words/-/n2words-1.16.4.tgz",
      "integrity": "sha512-t4wGZkLxQpByjWwuN5cJWTBUHer82g3bGUDaK00YJZicQPUYcI9i6eu3KMDg/awLIkTKeH5IQ866lGy+c02d2g==",
      "engines": {
        "node": "16 || >=18"
      }
    },
    "node_modules/typescript": {
      "version": "5.1.3",
      "resolved": "https://registry.npmjs.org/typescript/-/typescript-5.1.3.tgz",
      "integrity": "sha512-XH627E9vkeqhlZFQuL+UsyAXEnibT0kWR2FWONlr4sTjvxyJYnyefgrkyECLzM5NenmKzRAy2rR/OlYLA1HkZw==",
      "dev": true,
      "bin": {
        "tsc": "bin/tsc",
        "tsserver": "bin/tsserver"
      },
      "engines": {
        "node": ">=14.17"
      }
    }
  }
}
